{
  "lockfileVersion": 1,
  "configVersion": 1,
  "workspaces": {
    "": {
      "dependencies": {
        "@xterm/headless": "^6.0.0",
      },
    },
  },
  "packages": {
    "@xterm/headless": ["@xterm/headless@6.0.0", "", {}, "sha512-5Yj1QINYCyzrZtf8OFIHi47iQtI+0qYFPHmouEfG8dHNxbZ9Tb9YGSuLcsEwj9Z+OL75GJqPyJbyoFer80a2Hw=="],
  }
}
